
Microsoft Visual Studio Solution File, Format Version 12.00
# Visual Studio 14
VisualStudioVersion = 14.0.25420.1
MinimumVisualStudioVersion = 10.0.40219.1
Project("{FAE04EC0-301F-11D3-BF4B-00C04F79EFBC}") = "Adventurer", "Adventurer.csproj", "{AB3834F5-1CC8-4167-A4EC-F0A938DDABB9}"
EndProject
Project("{FAE04EC0-301F-11D3-BF4B-00C04F79EFBC}") = "KalaGame", "..\KalaGame\KalaGame.csproj", "{F05A626E-7253-4175-825F-270DE309E6A7}"
EndProject
Global
	GlobalSection(SolutionConfigurationPlatforms) = preSolution
		Debug|Any CPU = Debug|Any CPU
		Release|Any CPU = Release|Any CPU
	EndGlobalSection
	GlobalSection(ProjectConfigurationPlatforms) = postSolution
		{AB3834F5-1CC8-4167-A4EC-F0A938DDABB9}.Debug|Any CPU.ActiveCfg = Debug|Any CPU
		{AB3834F5-1CC8-4167-A4EC-F0A938DDABB9}.Debug|Any CPU.Build.0 = Debug|Any CPU
		{AB3834F5-1CC8-4167-A4EC-F0A938DDABB9}.Release|Any CPU.ActiveCfg = Release|Any CPU
		{AB3834F5-1CC8-4167-A4EC-F0A938DDABB9}.Release|Any CPU.Build.0 = Release|Any CPU
		{F05A626E-7253-4175-825F-270DE309E6A7}.Debug|Any CPU.ActiveCfg = Debug|Any CPU
		{F05A626E-7253-4175-825F-270DE309E6A7}.Debug|Any CPU.Build.0 = Debug|Any CPU
		{F05A626E-7253-4175-825F-270DE309E6A7}.Release|Any CPU.ActiveCfg = Release|Any CPU
		{F05A626E-7253-4175-825F-270DE309E6A7}.Release|Any CPU.Build.0 = Release|Any CPU
	EndGlobalSection
	GlobalSection(SolutionProperties) = preSolution
		HideSolutionNode = FALSE
	EndGlobalSection
EndGlobal
